
Microsoft Visual Studio Solution File, Format Version 12.00
# Visual Studio Version 16
VisualStudioVersion = 16.0.31129.286
MinimumVisualStudioVersion = 10.0.40219.1
Project("{2150E333-8FDC-42A3-9474-1A3956D46DE8}") = "src", "src", "{50FFD925-1735-4786-AAEA-3E36CE5F0558}"
EndProject
Project("{2150E333-8FDC-42A3-9474-1A3956D46DE8}") = "API", "API", "{F27F76F8-373A-43F8-BFF0-7F81FE149A4C}"
EndProject
Project("{2150E333-8FDC-42A3-9474-1A3956D46DE8}") = "Core", "Core", "{7349912B-A2DD-48EE-A1E6-13995A15F58E}"
EndProject
Project("{2150E333-8FDC-42A3-9474-1A3956D46DE8}") = "Infrastructure", "Infrastructure", "{4E263045-08B7-49E0-9173-C795F6D6554E}"
EndProject
Project("{2150E333-8FDC-42A3-9474-1A3956D46DE8}") = "UI", "UI", "{D8F26629-11E7-4F51-94E3-63FAEE3E6996}"
EndProject
Project("{2150E333-8FDC-42A3-9474-1A3956D46DE8}") = "Test", "Test", "{456BE990-6499-4216-96ED-D49792EF0B59}"
EndProject
Project("{9A19103F-16F7-4668-BE54-9A1E7A4F7556}") = "NudgeDigital.Application", "NudgeDigital.Application\NudgeDigital.Application.csproj", "{C7898664-B86F-44BF-86D4-8FA96573BF97}"
EndProject
Project("{9A19103F-16F7-4668-BE54-9A1E7A4F7556}") = "NudgeDigital.Domain", "NudgeDigital.Domain\NudgeDigital.Domain.csproj", "{663BBE39-327B-486F-985E-7649A136A8C2}"
EndProject
Project("{9A19103F-16F7-4668-BE54-9A1E7A4F7556}") = "NudgeDigital.Persistence", "NudgeDigital.Persistence\NudgeDigital.Persistence.csproj", "{11C137E2-3F47-4848-8B6F-B0CBD5DE9716}"
EndProject
Project("{FAE04EC0-301F-11D3-BF4B-00C04F79EFBC}") = "NudgeDigital.Api", "NudgeDigital.Api\NudgeDigital.Api.csproj", "{6D0180D0-0656-4E5D-AA7A-7806F4928C49}"
EndProject
Project("{FAE04EC0-301F-11D3-BF4B-00C04F79EFBC}") = "NudgeDigital.Tests", "NudgeDigital.Tests\NudgeDigital.Tests.csproj", "{69BC199F-E155-43A5-AC28-6729739BB39E}"
EndProject
Global
	GlobalSection(SolutionConfigurationPlatforms) = preSolution
		Debug|Any CPU = Debug|Any CPU
		Release|Any CPU = Release|Any CPU
	EndGlobalSection
	GlobalSection(ProjectConfigurationPlatforms) = postSolution
		{C7898664-B86F-44BF-86D4-8FA96573BF97}.Debug|Any CPU.ActiveCfg = Debug|Any CPU
		{C7898664-B86F-44BF-86D4-8FA96573BF97}.Debug|Any CPU.Build.0 = Debug|Any CPU
		{C7898664-B86F-44BF-86D4-8FA96573BF97}.Release|Any CPU.ActiveCfg = Release|Any CPU
		{C7898664-B86F-44BF-86D4-8FA96573BF97}.Release|Any CPU.Build.0 = Release|Any CPU
		{663BBE39-327B-486F-985E-7649A136A8C2}.Debug|Any CPU.ActiveCfg = Debug|Any CPU
		{663BBE39-327B-486F-985E-7649A136A8C2}.Debug|Any CPU.Build.0 = Debug|Any CPU
		{663BBE39-327B-486F-985E-7649A136A8C2}.Release|Any CPU.ActiveCfg = Release|Any CPU
		{663BBE39-327B-486F-985E-7649A136A8C2}.Release|Any CPU.Build.0 = Release|Any CPU
		{11C137E2-3F47-4848-8B6F-B0CBD5DE9716}.Debug|Any CPU.ActiveCfg = Debug|Any CPU
		{11C137E2-3F47-4848-8B6F-B0CBD5DE9716}.Debug|Any CPU.Build.0 = Debug|Any CPU
		{11C137E2-3F47-4848-8B6F-B0CBD5DE9716}.Release|Any CPU.ActiveCfg = Release|Any CPU
		{11C137E2-3F47-4848-8B6F-B0CBD5DE9716}.Release|Any CPU.Build.0 = Release|Any CPU
		{6D0180D0-0656-4E5D-AA7A-7806F4928C49}.Debug|Any CPU.ActiveCfg = Debug|Any CPU
		{6D0180D0-0656-4E5D-AA7A-7806F4928C49}.Debug|Any CPU.Build.0 = Debug|Any CPU
		{6D0180D0-0656-4E5D-AA7A-7806F4928C49}.Release|Any CPU.ActiveCfg = Release|Any CPU
		{6D0180D0-0656-4E5D-AA7A-7806F4928C49}.Release|Any CPU.Build.0 = Release|Any CPU
		{69BC199F-E155-43A5-AC28-6729739BB39E}.Debug|Any CPU.ActiveCfg = Debug|Any CPU
		{69BC199F-E155-43A5-AC28-6729739BB39E}.Debug|Any CPU.Build.0 = Debug|Any CPU
		{69BC199F-E155-43A5-AC28-6729739BB39E}.Release|Any CPU.ActiveCfg = Release|Any CPU
		{69BC199F-E155-43A5-AC28-6729739BB39E}.Release|Any CPU.Build.0 = Release|Any CPU
	EndGlobalSection
	GlobalSection(SolutionProperties) = preSolution
		HideSolutionNode = FALSE
	EndGlobalSection
	GlobalSection(NestedProjects) = preSolution
		{F27F76F8-373A-43F8-BFF0-7F81FE149A4C} = {50FFD925-1735-4786-AAEA-3E36CE5F0558}
		{7349912B-A2DD-48EE-A1E6-13995A15F58E} = {50FFD925-1735-4786-AAEA-3E36CE5F0558}
		{4E263045-08B7-49E0-9173-C795F6D6554E} = {50FFD925-1735-4786-AAEA-3E36CE5F0558}
		{D8F26629-11E7-4F51-94E3-63FAEE3E6996} = {50FFD925-1735-4786-AAEA-3E36CE5F0558}
		{456BE990-6499-4216-96ED-D49792EF0B59} = {50FFD925-1735-4786-AAEA-3E36CE5F0558}
		{C7898664-B86F-44BF-86D4-8FA96573BF97} = {7349912B-A2DD-48EE-A1E6-13995A15F58E}
		{663BBE39-327B-486F-985E-7649A136A8C2} = {7349912B-A2DD-48EE-A1E6-13995A15F58E}
		{11C137E2-3F47-4848-8B6F-B0CBD5DE9716} = {4E263045-08B7-49E0-9173-C795F6D6554E}
		{6D0180D0-0656-4E5D-AA7A-7806F4928C49} = {F27F76F8-373A-43F8-BFF0-7F81FE149A4C}
		{69BC199F-E155-43A5-AC28-6729739BB39E} = {456BE990-6499-4216-96ED-D49792EF0B59}
	EndGlobalSection
	GlobalSection(ExtensibilityGlobals) = postSolution
		SolutionGuid = {0897791C-5C79-4BA0-A0E1-C73B16789390}
	EndGlobalSection
EndGlobal
